// !$*UTF8*$!
{
	archiveVersion = 1;
	classes = {
	};
	objectVersion = 56;
	objects = {

/* Begin PBXBuildFile section */
		1A0000000000000000000101 /* Assets.xcassets in Resources */ = {isa = PBXBuildFile; fileRef = 1A0000000000000000000100 /* Assets.xcassets */; };
		1A000000000000000000000A /* iOSApp.swift in Sources */ = {isa = PBXBuildFile; fileRef = 1A0000000000000000000007 /* iOSApp.swift */; };
		1A000000000000000000000B /* ContentView.swift in Sources */ = {isa = PBXBuildFile; fileRef = 1A0000000000000000000008 /* ContentView.swift */; };
		1A0000000000000000000023 /* StripeCheckoutHostImpl.swift in Sources */ = {isa = PBXBuildFile; fileRef = 1A0000000000000000000024 /* StripeCheckoutHostImpl.swift */; };
		1A0000000000000000000025 /* StripePaymentSheet in Frameworks */ = {isa = PBXBuildFile; productRef = 1A0000000000000000000021 /* StripePaymentSheet */; };
		1A0000000000000000000027 /* RazorpayCheckoutHostImpl.swift in Sources */ = {isa = PBXBuildFile; fileRef = 1A0000000000000000000026 /* RazorpayCheckoutHostImpl.swift */; };
		1A000000000000000000002A /* RazorpayCheckout in Frameworks */ = {isa = PBXBuildFile; productRef = 1A0000000000000000000029 /* RazorpayCheckout */; };
		1A000000000000000000002C /* CashfreeCheckoutHostImpl.swift in Sources */ = {isa = PBXBuildFile; fileRef = 1A000000000000000000002B /* CashfreeCheckoutHostImpl.swift */; };
		1A0000000000000000000031 /* CashfreePG in Frameworks */ = {isa = PBXBuildFile; productRef = 1A000000000000000000002E /* CashfreePG */; };
		1A0000000000000000000032 /* CashfreePGCoreSDK in Frameworks */ = {isa = PBXBuildFile; productRef = 1A000000000000000000002F /* CashfreePGCoreSDK */; };
		1A0000000000000000000033 /* CashfreePGUISDK in Frameworks */ = {isa = PBXBuildFile; productRef = 1A0000000000000000000030 /* CashfreePGUISDK */; };
		1A0000000000000000000035 /* OmiseCheckoutHostImpl.swift in Sources */ = {isa = PBXBuildFile; fileRef = 1A0000000000000000000034 /* OmiseCheckoutHostImpl.swift */; };
		1A0000000000000000000038 /* OmiseSDK in Frameworks */ = {isa = PBXBuildFile; productRef = 1A0000000000000000000037 /* OmiseSDK */; };
		1A000000000000000000003C /* SquareCheckoutHostImpl.swift in Sources */ = {isa = PBXBuildFile; fileRef = 1A000000000000000000003B /* SquareCheckoutHostImpl.swift */; };
		1A0000000000000000000039 /* CFNetworkSDK in Frameworks */ = {isa = PBXBuildFile; productRef = 1A0000000000000000000090 /* CFNetworkSDK */; };
		1A000000000000000000003A /* CashfreeAnalyticsSDK in Frameworks */ = {isa = PBXBuildFile; productRef = 1A0000000000000000000091 /* CashfreeAnalyticsSDK */; };
		5DD6D0B59D70E1D3B7D47743 /* Pods_iosApp.framework in Frameworks */ = {isa = PBXBuildFile; fileRef = 8A9535382696BE4DE6C7F675 /* Pods_iosApp.framework */; };
/* End PBXBuildFile section */

/* Begin PBXFileReference section */
		1A0000000000000000000100 /* Assets.xcassets */ = {isa = PBXFileReference; lastKnownFileType = folder.assetcatalog; path = Assets.xcassets; sourceTree = "<group>"; };
		1A0000000000000000000006 /* iosApp.app */ = {isa = PBXFileReference; explicitFileType = wrapper.application; includeInIndex = 0; path = iosApp.app; sourceTree = BUILT_PRODUCTS_DIR; };
		1A0000000000000000000007 /* iOSApp.swift */ = {isa = PBXFileReference; lastKnownFileType = sourcecode.swift; path = iOSApp.swift; sourceTree = "<group>"; };
		1A0000000000000000000008 /* ContentView.swift */ = {isa = PBXFileReference; lastKnownFileType = sourcecode.swift; path = ContentView.swift; sourceTree = "<group>"; };
		1A0000000000000000000009 /* Info.plist */ = {isa = PBXFileReference; lastKnownFileType = text.plist.xml; path = Info.plist; sourceTree = "<group>"; };
		1A0000000000000000000024 /* StripeCheckoutHostImpl.swift */ = {isa = PBXFileReference; lastKnownFileType = sourcecode.swift; path = StripeCheckoutHostImpl.swift; sourceTree = "<group>"; };
		1A0000000000000000000026 /* RazorpayCheckoutHostImpl.swift */ = {isa = PBXFileReference; lastKnownFileType = sourcecode.swift; path = RazorpayCheckoutHostImpl.swift; sourceTree = "<group>"; };
		1A000000000000000000002B /* CashfreeCheckoutHostImpl.swift */ = {isa = PBXFileReference; lastKnownFileType = sourcecode.swift; path = CashfreeCheckoutHostImpl.swift; sourceTree = "<group>"; };
		1A0000000000000000000034 /* OmiseCheckoutHostImpl.swift */ = {isa = PBXFileReference; lastKnownFileType = sourcecode.swift; path = OmiseCheckoutHostImpl.swift; sourceTree = "<group>"; };
		1A000000000000000000003B /* SquareCheckoutHostImpl.swift */ = {isa = PBXFileReference; lastKnownFileType = sourcecode.swift; path = SquareCheckoutHostImpl.swift; sourceTree = "<group>"; };
		1E6B55AD78D21BFB2DBFD38B /* Pods-iosApp.release.xcconfig */ = {isa = PBXFileReference; includeInIndex = 1; lastKnownFileType = text.xcconfig; name = "Pods-iosApp.release.xcconfig"; path = "Target Support Files/Pods-iosApp/Pods-iosApp.release.xcconfig"; sourceTree = "<group>"; };
		54A83CFB272F48B32A2B886C /* Pods-iosApp.debug.xcconfig */ = {isa = PBXFileReference; includeInIndex = 1; lastKnownFileType = text.xcconfig; name = "Pods-iosApp.debug.xcconfig"; path = "Target Support Files/Pods-iosApp/Pods-iosApp.debug.xcconfig"; sourceTree = "<group>"; };
		8A9535382696BE4DE6C7F675 /* Pods_iosApp.framework */ = {isa = PBXFileReference; explicitFileType = wrapper.framework; includeInIndex = 0; path = Pods_iosApp.framework; sourceTree = BUILT_PRODUCTS_DIR; };
/* End PBXFileReference section */

/* Begin PBXFrameworksBuildPhase section */
		1A000000000000000000000D /* Frameworks */ = {
			isa = PBXFrameworksBuildPhase;
			buildActionMask = 2147483647;
			files = (
				1A0000000000000000000025 /* StripePaymentSheet in Frameworks */,
				1A000000000000000000002A /* RazorpayCheckout in Frameworks */,
				1A0000000000000000000031 /* CashfreePG in Frameworks */,
				1A0000000000000000000032 /* CashfreePGCoreSDK in Frameworks */,
				1A0000000000000000000033 /* CashfreePGUISDK in Frameworks */,
				1A0000000000000000000039 /* CFNetworkSDK in Frameworks */,
				1A000000000000000000003A /* CashfreeAnalyticsSDK in Frameworks */,
				1A0000000000000000000038 /* OmiseSDK in Frameworks */,
				5DD6D0B59D70E1D3B7D47743 /* Pods_iosApp.framework in Frameworks */,
			);
			runOnlyForDeploymentPostprocessing = 0;
		};
/* End PBXFrameworksBuildPhase section */

/* Begin PBXGroup section */
		1A0000000000000000000002 = {
			isa = PBXGroup;
			children = (
				1A0000000000000000000003 /* iosApp */,
				1A0000000000000000000004 /* Products */,
				532CE5F89169CECA74231E69 /* Pods */,
				4113AD9700CF9CFC48B60A86 /* Frameworks */,
			);
			sourceTree = "<group>";
		};
		1A0000000000000000000003 /* iosApp */ = {
			isa = PBXGroup;
			children = (
				1A0000000000000000000100 /* Assets.xcassets */,
				1A0000000000000000000007 /* iOSApp.swift */,
				1A0000000000000000000008 /* ContentView.swift */,
				1A0000000000000000000024 /* StripeCheckoutHostImpl.swift */,
				1A0000000000000000000026 /* RazorpayCheckoutHostImpl.swift */,
				1A000000000000000000002B /* CashfreeCheckoutHostImpl.swift */,
				1A0000000000000000000034 /* OmiseCheckoutHostImpl.swift */,
				1A000000000000000000003B /* SquareCheckoutHostImpl.swift */,
				1A0000000000000000000009 /* Info.plist */,
			);
			path = iosApp;
			sourceTree = "<group>";
		};
		1A0000000000000000000004 /* Products */ = {
			isa = PBXGroup;
			children = (
				1A0000000000000000000006 /* iosApp.app */,
			);
			name = Products;
			sourceTree = "<group>";
		};
		4113AD9700CF9CFC48B60A86 /* Frameworks */ = {
			isa = PBXGroup;
			children = (
				8A9535382696BE4DE6C7F675 /* Pods_iosApp.framework */,
			);
			name = Frameworks;
			sourceTree = "<group>";
		};
		532CE5F89169CECA74231E69 /* Pods */ = {
			isa = PBXGroup;
			children = (
				54A83CFB272F48B32A2B886C /* Pods-iosApp.debug.xcconfig */,
				1E6B55AD78D21BFB2DBFD38B /* Pods-iosApp.release.xcconfig */,
			);
			name = Pods;
			path = Pods;
			sourceTree = "<group>";
		};
/* End PBXGroup section */

/* Begin PBXNativeTarget section */
		1A0000000000000000000005 /* iosApp */ = {
			isa = PBXNativeTarget;
			buildConfigurationList = 1A0000000000000000000013 /* Build configuration list for PBXNativeTarget "iosApp" */;
			buildPhases = (
				85DFA14DB2FCD3739636E1C2 /* [CP] Check Pods Manifest.lock */,
				1A000000000000000000000F /* EmbedKotlinFramework */,
				1A000000000000000000000C /* Sources */,
				1A000000000000000000000D /* Frameworks */,
				1A000000000000000000000E /* Resources */,
				B672725E2CA570F0FF127243 /* [CP] Embed Pods Frameworks */,
			);
			buildRules = (
			);
			dependencies = (
			);
			name = iosApp;
			packageProductDependencies = (
				1A0000000000000000000021 /* StripePaymentSheet */,
				1A0000000000000000000029 /* RazorpayCheckout */,
				1A000000000000000000002E /* CashfreePG */,
				1A000000000000000000002F /* CashfreePGCoreSDK */,
				1A0000000000000000000030 /* CashfreePGUISDK */,
				1A0000000000000000000090 /* CFNetworkSDK */,
				1A0000000000000000000091 /* CashfreeAnalyticsSDK */,
				1A0000000000000000000037 /* OmiseSDK */,
			);
			productName = iosApp;
			productReference = 1A0000000000000000000006 /* iosApp.app */;
			productType = "com.apple.product-type.application";
		};
/* End PBXNativeTarget section */

/* Begin PBXProject section */
		1A0000000000000000000001 /* Project object */ = {
			isa = PBXProject;
			attributes = {
				BuildIndependentTargetsInParallel = 1;
				LastSwiftUpdateCheck = 1620;
				LastUpgradeCheck = 1620;
			};
			buildConfigurationList = 1A0000000000000000000010 /* Build configuration list for PBXProject "iosApp" */;
			compatibilityVersion = "Xcode 14.0";
			developmentRegion = en;
			hasScannedForEncodings = 0;
			knownRegions = (
				en,
				Base,
			);
			mainGroup = 1A0000000000000000000002;
			packageReferences = (
				1A0000000000000000000020 /* XCRemoteSwiftPackageReference "stripe-ios" */,
				1A0000000000000000000028 /* XCRemoteSwiftPackageReference "razorpay-pod" */,
				1A000000000000000000002D /* XCRemoteSwiftPackageReference "core-ios-sdk" */,
				1A0000000000000000000036 /* XCRemoteSwiftPackageReference "omise-ios" */,
			);
			productRefGroup = 1A0000000000000000000004 /* Products */;
			projectDirPath = "";
			projectRoot = "";
			targets = (
				1A0000000000000000000005 /* iosApp */,
			);
		};
/* End PBXProject section */

/* Begin PBXResourcesBuildPhase section */
		1A000000000000000000000E /* Resources */ = {
			isa = PBXResourcesBuildPhase;
			buildActionMask = 2147483647;
			files = (
				1A0000000000000000000101 /* Assets.xcassets in Resources */,
			);
			runOnlyForDeploymentPostprocessing = 0;
		};
/* End PBXResourcesBuildPhase section */

/* Begin PBXShellScriptBuildPhase section */
		1A000000000000000000000F /* EmbedKotlinFramework */ = {
			isa = PBXShellScriptBuildPhase;
			buildActionMask = 2147483647;
			files = (
			);
			inputFileListPaths = (
			);
			inputPaths = (
			);
			name = EmbedKotlinFramework;
			outputFileListPaths = (
			);
			outputPaths = (
			);
			runOnlyForDeploymentPostprocessing = 0;
			shellPath = /bin/sh;
			shellScript = "cd \"$SRCROOT/../..\"\n./gradlew :ios:shared:embedAndSignAppleFrameworkForXcode\n";
		};
		85DFA14DB2FCD3739636E1C2 /* [CP] Check Pods Manifest.lock */ = {
			isa = PBXShellScriptBuildPhase;
			buildActionMask = 2147483647;
			files = (
			);
			inputFileListPaths = (
			);
			inputPaths = (
				"${PODS_PODFILE_DIR_PATH}/Podfile.lock",
				"${PODS_ROOT}/Manifest.lock",
			);
			name = "[CP] Check Pods Manifest.lock";
			outputFileListPaths = (
			);
			outputPaths = (
				"$(DERIVED_FILE_DIR)/Pods-iosApp-checkManifestLockResult.txt",
			);
			runOnlyForDeploymentPostprocessing = 0;
			shellPath = /bin/sh;
			shellScript = "diff \"${PODS_PODFILE_DIR_PATH}/Podfile.lock\" \"${PODS_ROOT}/Manifest.lock\" > /dev/null\nif [ $? != 0 ] ; then\n    # print error to STDERR\n    echo \"error: The sandbox is not in sync with the Podfile.lock. Run 'pod install' or update your CocoaPods installation.\" >&2\n    exit 1\nfi\n# This output is used by Xcode 'outputs' to avoid re-running this script phase.\necho \"SUCCESS\" > \"${SCRIPT_OUTPUT_FILE_0}\"\n";
			showEnvVarsInLog = 0;
		};
		B672725E2CA570F0FF127243 /* [CP] Embed Pods Frameworks */ = {
			isa = PBXShellScriptBuildPhase;
			buildActionMask = 2147483647;
			files = (
			);
			inputFileListPaths = (
				"${PODS_ROOT}/Target Support Files/Pods-iosApp/Pods-iosApp-frameworks-${CONFIGURATION}-input-files.xcfilelist",
			);
			name = "[CP] Embed Pods Frameworks";
			outputFileListPaths = (
				"${PODS_ROOT}/Target Support Files/Pods-iosApp/Pods-iosApp-frameworks-${CONFIGURATION}-output-files.xcfilelist",
			);
			runOnlyForDeploymentPostprocessing = 0;
			shellPath = /bin/sh;
			shellScript = "\"${PODS_ROOT}/Target Support Files/Pods-iosApp/Pods-iosApp-frameworks.sh\"\n";
			showEnvVarsInLog = 0;
		};
/* End PBXShellScriptBuildPhase section */

/* Begin PBXSourcesBuildPhase section */
		1A000000000000000000000C /* Sources */ = {
			isa = PBXSourcesBuildPhase;
			buildActionMask = 2147483647;
			files = (
				1A000000000000000000000A /* iOSApp.swift in Sources */,
				1A000000000000000000000B /* ContentView.swift in Sources */,
				1A0000000000000000000023 /* StripeCheckoutHostImpl.swift in Sources */,
				1A0000000000000000000027 /* RazorpayCheckoutHostImpl.swift in Sources */,
				1A000000000000000000002C /* CashfreeCheckoutHostImpl.swift in Sources */,
				1A0000000000000000000035 /* OmiseCheckoutHostImpl.swift in Sources */,
				1A000000000000000000003C /* SquareCheckoutHostImpl.swift in Sources */,
			);
			runOnlyForDeploymentPostprocessing = 0;
		};
/* End PBXSourcesBuildPhase section */

/* Begin XCBuildConfiguration section */
		1A0000000000000000000011 /* Debug */ = {
			isa = XCBuildConfiguration;
			buildSettings = {
				ALWAYS_SEARCH_USER_PATHS = NO;
				CLANG_ENABLE_MODULES = YES;
				CLANG_ENABLE_OBJC_ARC = YES;
				COPY_PHASE_STRIP = NO;
				DEBUG_INFORMATION_FORMAT = dwarf;
				ENABLE_TESTABILITY = YES;
				GCC_OPTIMIZATION_LEVEL = 0;
				IPHONEOS_DEPLOYMENT_TARGET = 15.0;
				MTL_ENABLE_DEBUG_INFO = YES;
				ONLY_ACTIVE_ARCH = YES;
				SDKROOT = iphoneos;
				SWIFT_OPTIMIZATION_LEVEL = "-Onone";
				SWIFT_VERSION = 5.0;
			};
			name = Debug;
		};
		1A0000000000000000000012 /* Release */ = {
			isa = XCBuildConfiguration;
			buildSettings = {
				ALWAYS_SEARCH_USER_PATHS = NO;
				CLANG_ENABLE_MODULES = YES;
				CLANG_ENABLE_OBJC_ARC = YES;
				COPY_PHASE_STRIP = NO;
				DEBUG_INFORMATION_FORMAT = "dwarf-with-dsym";
				IPHONEOS_DEPLOYMENT_TARGET = 15.0;
				MTL_ENABLE_DEBUG_INFO = NO;
				SDKROOT = iphoneos;
				SWIFT_COMPILATION_MODE = wholemodule;
				SWIFT_VERSION = 5.0;
				VALIDATE_PRODUCT = YES;
			};
			name = Release;
		};
		1A0000000000000000000014 /* Debug */ = {
			isa = XCBuildConfiguration;
			baseConfigurationReference = 54A83CFB272F48B32A2B886C /* Pods-iosApp.debug.xcconfig */;
			buildSettings = {
				ASSETCATALOG_COMPILER_APPICON_NAME = AppIcon;
				CODE_SIGN_STYLE = Automatic;
				CURRENT_PROJECT_VERSION = 1;
				ENABLE_PREVIEWS = YES;
				"EXCLUDED_ARCHS[sdk=iphonesimulator*]" = x86_64;
				FRAMEWORK_SEARCH_PATHS = (
					"$(inherited)",
					"$(SRCROOT)/../shared/build/xcode-frameworks/$(CONFIGURATION)/$(SDK_NAME)",
				);
				GENERATE_INFOPLIST_FILE = NO;
				INFOPLIST_FILE = iosApp/Info.plist;
				LD_RUNPATH_SEARCH_PATHS = (
					"$(inherited)",
					"@executable_path/Frameworks",
				);
				MARKETING_VERSION = 1.0;
				OTHER_LDFLAGS = (
					"$(inherited)",
					"-framework",
					PaymentsLabShared,
				);
				PRODUCT_BUNDLE_IDENTIFIER = com.paymentslab.iosApp;
				PRODUCT_NAME = "$(TARGET_NAME)";
				SWIFT_VERSION = 5.0;
				TARGETED_DEVICE_FAMILY = "1,2";
			};
			name = Debug;
		};
		1A0000000000000000000015 /* Release */ = {
			isa = XCBuildConfiguration;
			baseConfigurationReference = 1E6B55AD78D21BFB2DBFD38B /* Pods-iosApp.release.xcconfig */;
			buildSettings = {
				ASSETCATALOG_COMPILER_APPICON_NAME = AppIcon;
				CODE_SIGN_STYLE = Automatic;
				CURRENT_PROJECT_VERSION = 1;
				ENABLE_PREVIEWS = YES;
				"EXCLUDED_ARCHS[sdk=iphonesimulator*]" = x86_64;
				FRAMEWORK_SEARCH_PATHS = (
					"$(inherited)",
					"$(SRCROOT)/../shared/build/xcode-frameworks/$(CONFIGURATION)/$(SDK_NAME)",
				);
				GENERATE_INFOPLIST_FILE = NO;
				INFOPLIST_FILE = iosApp/Info.plist;
				LD_RUNPATH_SEARCH_PATHS = (
					"$(inherited)",
					"@executable_path/Frameworks",
				);
				MARKETING_VERSION = 1.0;
				OTHER_LDFLAGS = (
					"$(inherited)",
					"-framework",
					PaymentsLabShared,
				);
				PRODUCT_BUNDLE_IDENTIFIER = com.paymentslab.iosApp;
				PRODUCT_NAME = "$(TARGET_NAME)";
				SWIFT_VERSION = 5.0;
				TARGETED_DEVICE_FAMILY = "1,2";
			};
			name = Release;
		};
/* End XCBuildConfiguration section */

/* Begin XCConfigurationList section */
		1A0000000000000000000010 /* Build configuration list for PBXProject "iosApp" */ = {
			isa = XCConfigurationList;
			buildConfigurations = (
				1A0000000000000000000011 /* Debug */,
				1A0000000000000000000012 /* Release */,
			);
			defaultConfigurationIsVisible = 0;
			defaultConfigurationName = Release;
		};
		1A0000000000000000000013 /* Build configuration list for PBXNativeTarget "iosApp" */ = {
			isa = XCConfigurationList;
			buildConfigurations = (
				1A0000000000000000000014 /* Debug */,
				1A0000000000000000000015 /* Release */,
			);
			defaultConfigurationIsVisible = 0;
			defaultConfigurationName = Release;
		};
/* End XCConfigurationList section */

/* Begin XCRemoteSwiftPackageReference section */
		1A0000000000000000000020 /* XCRemoteSwiftPackageReference "stripe-ios" */ = {
			isa = XCRemoteSwiftPackageReference;
			repositoryURL = "https://github.com/stripe/stripe-ios";
			requirement = {
				kind = upToNextMajorVersion;
				minimumVersion = 26.11.0;
			};
		};
		1A0000000000000000000028 /* XCRemoteSwiftPackageReference "razorpay-pod" */ = {
			isa = XCRemoteSwiftPackageReference;
			repositoryURL = "https://github.com/razorpay/razorpay-pod";
			requirement = {
				kind = upToNextMajorVersion;
				minimumVersion = 1.5.4;
			};
		};
		1A000000000000000000002D /* XCRemoteSwiftPackageReference "core-ios-sdk" */ = {
			isa = XCRemoteSwiftPackageReference;
			repositoryURL = "https://github.com/cashfree/core-ios-sdk";
			requirement = {
				branch = master;
				kind = branch;
			};
		};
		1A0000000000000000000036 /* XCRemoteSwiftPackageReference "omise-ios" */ = {
			isa = XCRemoteSwiftPackageReference;
			repositoryURL = "https://github.com/omise/omise-ios";
			requirement = {
				kind = upToNextMajorVersion;
				minimumVersion = 5.6.3;
			};
		};
/* End XCRemoteSwiftPackageReference section */

/* Begin XCSwiftPackageProductDependency section */
		1A0000000000000000000021 /* StripePaymentSheet */ = {
			isa = XCSwiftPackageProductDependency;
			package = 1A0000000000000000000020 /* XCRemoteSwiftPackageReference "stripe-ios" */;
			productName = StripePaymentSheet;
		};
		1A0000000000000000000029 /* RazorpayCheckout */ = {
			isa = XCSwiftPackageProductDependency;
			package = 1A0000000000000000000028 /* XCRemoteSwiftPackageReference "razorpay-pod" */;
			productName = RazorpayCheckout;
		};
		1A000000000000000000002E /* CashfreePG */ = {
			isa = XCSwiftPackageProductDependency;
			package = 1A000000000000000000002D /* XCRemoteSwiftPackageReference "core-ios-sdk" */;
			productName = CashfreePG;
		};
		1A000000000000000000002F /* CashfreePGCoreSDK */ = {
			isa = XCSwiftPackageProductDependency;
			package = 1A000000000000000000002D /* XCRemoteSwiftPackageReference "core-ios-sdk" */;
			productName = CashfreePGCoreSDK;
		};
		1A0000000000000000000030 /* CashfreePGUISDK */ = {
			isa = XCSwiftPackageProductDependency;
			package = 1A000000000000000000002D /* XCRemoteSwiftPackageReference "core-ios-sdk" */;
			productName = CashfreePGUISDK;
		};
		1A0000000000000000000037 /* OmiseSDK */ = {
			isa = XCSwiftPackageProductDependency;
			package = 1A0000000000000000000036 /* XCRemoteSwiftPackageReference "omise-ios" */;
			productName = OmiseSDK;
		};
		1A0000000000000000000090 /* CFNetworkSDK */ = {
			isa = XCSwiftPackageProductDependency;
			package = 1A000000000000000000002D /* XCRemoteSwiftPackageReference "core-ios-sdk" */;
			productName = CFNetworkSDK;
		};
		1A0000000000000000000091 /* CashfreeAnalyticsSDK */ = {
			isa = XCSwiftPackageProductDependency;
			package = 1A000000000000000000002D /* XCRemoteSwiftPackageReference "core-ios-sdk" */;
			productName = CashfreeAnalyticsSDK;
		};
/* End XCSwiftPackageProductDependency section */
	};
	rootObject = 1A0000000000000000000001 /* Project object */;
}
